
Microsoft Visual Studio Solution File, Format Version 12.00
# Visual Studio Version 17
VisualStudioVersion = 17.8.34309.116
MinimumVisualStudioVersion = 10.0.40219.1
Project("{FAE04EC0-301F-11D3-BF4B-00C04F79EFBC}") = "FineTuningApp", "FineTuningApp\FineTuningApp.csproj", "{4627410F-9F79-4D32-AE4A-7F5D937E98EF}"
EndProject
Global
	GlobalSection(SolutionConfigurationPlatforms) = preSolution
		Debug|Any CPU = Debug|Any CPU
		Release|Any CPU = Release|Any CPU
	EndGlobalSection
	GlobalSection(ProjectConfigurationPlatforms) = postSolution
		{4627410F-9F79-4D32-AE4A-7F5D937E98EF}.Debug|Any CPU.ActiveCfg = Debug|Any CPU
		{4627410F-9F79-4D32-AE4A-7F5D937E98EF}.Debug|Any CPU.Build.0 = Debug|Any CPU
		{4627410F-9F79-4D32-AE4A-7F5D937E98EF}.Release|Any CPU.ActiveCfg = Release|Any CPU
		{4627410F-9F79-4D32-AE4A-7F5D937E98EF}.Release|Any CPU.Build.0 = Release|Any CPU
	EndGlobalSection
	GlobalSection(SolutionProperties) = preSolution
		HideSolutionNode = FALSE
	EndGlobalSection
	GlobalSection(ExtensibilityGlobals) = postSolution
		SolutionGuid = {E6F249A1-4CDE-4382-87BE-785E29E1DD8C}
	EndGlobalSection
EndGlobal
